
Microsoft Visual Studio Solution File, Format Version 12.00
# Visual Studio Version 17
VisualStudioVersion = 17.2.32630.192
MinimumVisualStudioVersion = 10.0.40219.1
Project("{9A19103F-16F7-4668-BE54-9A1E7A4F7556}") = "JLogger8Test", "JLogger8Test\JLogger8Test.csproj", "{BCEAC5AB-9014-49F3-89D9-46BD2378550D}"
EndProject
Project("{9A19103F-16F7-4668-BE54-9A1E7A4F7556}") = "JLogger8", "JLogger8\JLogger8.csproj", "{571000A0-12AD-4BDE-B2AD-BFC4DB261AD4}"
EndProject
Global
	GlobalSection(SolutionConfigurationPlatforms) = preSolution
		Debug|Any CPU = Debug|Any CPU
		Release|Any CPU = Release|Any CPU
	EndGlobalSection
	GlobalSection(ProjectConfigurationPlatforms) = postSolution
		{BCEAC5AB-9014-49F3-89D9-46BD2378550D}.Debug|Any CPU.ActiveCfg = Debug|Any CPU
		{BCEAC5AB-9014-49F3-89D9-46BD2378550D}.Debug|Any CPU.Build.0 = Debug|Any CPU
		{BCEAC5AB-9014-49F3-89D9-46BD2378550D}.Release|Any CPU.ActiveCfg = Release|Any CPU
		{BCEAC5AB-9014-49F3-89D9-46BD2378550D}.Release|Any CPU.Build.0 = Release|Any CPU
		{571000A0-12AD-4BDE-B2AD-BFC4DB261AD4}.Debug|Any CPU.ActiveCfg = Debug|Any CPU
		{571000A0-12AD-4BDE-B2AD-BFC4DB261AD4}.Debug|Any CPU.Build.0 = Debug|Any CPU
		{571000A0-12AD-4BDE-B2AD-BFC4DB261AD4}.Release|Any CPU.ActiveCfg = Release|Any CPU
		{571000A0-12AD-4BDE-B2AD-BFC4DB261AD4}.Release|Any CPU.Build.0 = Release|Any CPU
	EndGlobalSection
	GlobalSection(SolutionProperties) = preSolution
		HideSolutionNode = FALSE
	EndGlobalSection
	GlobalSection(ExtensibilityGlobals) = postSolution
		SolutionGuid = {894ABDEA-93F6-48B6-B486-B49CE219B90A}
	EndGlobalSection
EndGlobal
